// !$*UTF8*$!
{
	archiveVersion = 1;
	classes = {
	};
	objectVersion = 50;
	objects = {

/* Begin PBXBuildFile section */
		191585CF24D28059006DF162 /* QuestionTest.swift in Sources */ = {isa = PBXBuildFile; fileRef = 191585CE24D28059006DF162 /* QuestionTest.swift */; };
		1924145024D28F21003702B1 /* Question.swift in Sources */ = {isa = PBXBuildFile; fileRef = 1924144F24D28F21003702B1 /* Question.swift */; };
		1924145224D350A9003702B1 /* ViewControllerFactory.swift in Sources */ = {isa = PBXBuildFile; fileRef = 1924145124D350A9003702B1 /* ViewControllerFactory.swift */; };
		1924145424D351B2003702B1 /* iOSViewControllerFactoryTest.swift in Sources */ = {isa = PBXBuildFile; fileRef = 1924145324D351B2003702B1 /* iOSViewControllerFactoryTest.swift */; };
		1924145624D35350003702B1 /* iOSViewControllerFactory.swift in Sources */ = {isa = PBXBuildFile; fileRef = 1924145524D35350003702B1 /* iOSViewControllerFactory.swift */; };
		196FD0C624D1666F0000E4F9 /* QuizEngine.framework in Frameworks */ = {isa = PBXBuildFile; fileRef = 196FD0C524D1666F0000E4F9 /* QuizEngine.framework */; };
		196FD0C724D1666F0000E4F9 /* QuizEngine.framework in Embed Frameworks */ = {isa = PBXBuildFile; fileRef = 196FD0C524D1666F0000E4F9 /* QuizEngine.framework */; settings = {ATTRIBUTES = (CodeSignOnCopy, RemoveHeadersOnCopy, ); }; };
		196FD0CA24D168A50000E4F9 /* NavigationControllerRouterTest.swift in Sources */ = {isa = PBXBuildFile; fileRef = 196FD0C924D168A50000E4F9 /* NavigationControllerRouterTest.swift */; };
		196FD0CC24D2272E0000E4F9 /* NavigationControllerRouter.swift in Sources */ = {isa = PBXBuildFile; fileRef = 196FD0CB24D2272E0000E4F9 /* NavigationControllerRouter.swift */; };
		199FCFCB24CA52AE0022EBD3 /* TableViewHelpers.swift in Sources */ = {isa = PBXBuildFile; fileRef = 199FCFCA24CA52AE0022EBD3 /* TableViewHelpers.swift */; };
		199FCFCD24CAB5900022EBD3 /* CorrectAnswerCell.xib in Resources */ = {isa = PBXBuildFile; fileRef = 199FCFCC24CAB5900022EBD3 /* CorrectAnswerCell.xib */; };
		199FCFCF24CAC15B0022EBD3 /* WrongAnswerCell.xib in Resources */ = {isa = PBXBuildFile; fileRef = 199FCFCE24CAC15B0022EBD3 /* WrongAnswerCell.xib */; };
		199FCFD124CB95340022EBD3 /* UITableViewExtensions.swift in Sources */ = {isa = PBXBuildFile; fileRef = 199FCFD024CB95340022EBD3 /* UITableViewExtensions.swift */; };
		199FCFD324CB96130022EBD3 /* PresentableAnswer.swift in Sources */ = {isa = PBXBuildFile; fileRef = 199FCFD224CB96130022EBD3 /* PresentableAnswer.swift */; };
		199FCFD524CB96740022EBD3 /* CorrectAnswerCell.swift in Sources */ = {isa = PBXBuildFile; fileRef = 199FCFD424CB96740022EBD3 /* CorrectAnswerCell.swift */; };
		199FCFD724CB969A0022EBD3 /* WrongAnswerCell.swift in Sources */ = {isa = PBXBuildFile; fileRef = 199FCFD624CB969A0022EBD3 /* WrongAnswerCell.swift */; };
		19E99B9024C81355005C7E7C /* AppDelegate.swift in Sources */ = {isa = PBXBuildFile; fileRef = 19E99B8F24C81355005C7E7C /* AppDelegate.swift */; };
		19E99B9224C81355005C7E7C /* SceneDelegate.swift in Sources */ = {isa = PBXBuildFile; fileRef = 19E99B9124C81355005C7E7C /* SceneDelegate.swift */; };
		19E99B9924C81358005C7E7C /* Assets.xcassets in Resources */ = {isa = PBXBuildFile; fileRef = 19E99B9824C81358005C7E7C /* Assets.xcassets */; };
		19E99B9C24C81358005C7E7C /* LaunchScreen.storyboard in Resources */ = {isa = PBXBuildFile; fileRef = 19E99B9A24C81358005C7E7C /* LaunchScreen.storyboard */; };
		19E99BB224C813EE005C7E7C /* QuestionViewControllerTest.swift in Sources */ = {isa = PBXBuildFile; fileRef = 19E99BB124C813EE005C7E7C /* QuestionViewControllerTest.swift */; };
		19E99BB424C8153C005C7E7C /* QuestionViewController.swift in Sources */ = {isa = PBXBuildFile; fileRef = 19E99BB324C8153C005C7E7C /* QuestionViewController.swift */; };
		19E99BB624C81A38005C7E7C /* QuestionViewController.xib in Resources */ = {isa = PBXBuildFile; fileRef = 19E99BB524C81A38005C7E7C /* QuestionViewController.xib */; };
		19E99BB824CA3B15005C7E7C /* ResultsViewControllerTest.swift in Sources */ = {isa = PBXBuildFile; fileRef = 19E99BB724CA3B15005C7E7C /* ResultsViewControllerTest.swift */; };
		19E99BBA24CA3C5B005C7E7C /* ResultsViewController.swift in Sources */ = {isa = PBXBuildFile; fileRef = 19E99BB924CA3C5B005C7E7C /* ResultsViewController.swift */; };
		19E99BBC24CA3D6A005C7E7C /* ResultsViewController.xib in Resources */ = {isa = PBXBuildFile; fileRef = 19E99BBB24CA3D6A005C7E7C /* ResultsViewController.xib */; };
/* End PBXBuildFile section */

/* Begin PBXContainerItemProxy section */
		19E99BA324C81358005C7E7C /* PBXContainerItemProxy */ = {
			isa = PBXContainerItemProxy;
			containerPortal = 19E99B8424C81355005C7E7C /* Project object */;
			proxyType = 1;
			remoteGlobalIDString = 19E99B8B24C81355005C7E7C;
			remoteInfo = QuizApp;
		};
/* End PBXContainerItemProxy section */

/* Begin PBXCopyFilesBuildPhase section */
		196FD0C824D1666F0000E4F9 /* Embed Frameworks */ = {
			isa = PBXCopyFilesBuildPhase;
			buildActionMask = 2147483647;
			dstPath = "";
			dstSubfolderSpec = 10;
			files = (
				196FD0C724D1666F0000E4F9 /* QuizEngine.framework in Embed Frameworks */,
			);
			name = "Embed Frameworks";
			runOnlyForDeploymentPostprocessing = 0;
		};
/* End PBXCopyFilesBuildPhase section */

/* Begin PBXFileReference section */
		191585CE24D28059006DF162 /* QuestionTest.swift */ = {isa = PBXFileReference; lastKnownFileType = sourcecode.swift; path = QuestionTest.swift; sourceTree = "<group>"; };
		1924144F24D28F21003702B1 /* Question.swift */ = {isa = PBXFileReference; lastKnownFileType = sourcecode.swift; path = Question.swift; sourceTree = "<group>"; };
		1924145124D350A9003702B1 /* ViewControllerFactory.swift */ = {isa = PBXFileReference; lastKnownFileType = sourcecode.swift; path = ViewControllerFactory.swift; sourceTree = "<group>"; };
		1924145324D351B2003702B1 /* iOSViewControllerFactoryTest.swift */ = {isa = PBXFileReference; lastKnownFileType = sourcecode.swift; path = iOSViewControllerFactoryTest.swift; sourceTree = "<group>"; };
		1924145524D35350003702B1 /* iOSViewControllerFactory.swift */ = {isa = PBXFileReference; lastKnownFileType = sourcecode.swift; path = iOSViewControllerFactory.swift; sourceTree = "<group>"; };
		196FD0C524D1666F0000E4F9 /* QuizEngine.framework */ = {isa = PBXFileReference; explicitFileType = wrapper.framework; path = QuizEngine.framework; sourceTree = BUILT_PRODUCTS_DIR; };
		196FD0C924D168A50000E4F9 /* NavigationControllerRouterTest.swift */ = {isa = PBXFileReference; lastKnownFileType = sourcecode.swift; path = NavigationControllerRouterTest.swift; sourceTree = "<group>"; };
		196FD0CB24D2272E0000E4F9 /* NavigationControllerRouter.swift */ = {isa = PBXFileReference; lastKnownFileType = sourcecode.swift; path = NavigationControllerRouter.swift; sourceTree = "<group>"; };
		199FCFCA24CA52AE0022EBD3 /* TableViewHelpers.swift */ = {isa = PBXFileReference; lastKnownFileType = sourcecode.swift; path = TableViewHelpers.swift; sourceTree = "<group>"; };
		199FCFCC24CAB5900022EBD3 /* CorrectAnswerCell.xib */ = {isa = PBXFileReference; lastKnownFileType = file.xib; path = CorrectAnswerCell.xib; sourceTree = "<group>"; };
		199FCFCE24CAC15B0022EBD3 /* WrongAnswerCell.xib */ = {isa = PBXFileReference; lastKnownFileType = file.xib; path = WrongAnswerCell.xib; sourceTree = "<group>"; };
		199FCFD024CB95340022EBD3 /* UITableViewExtensions.swift */ = {isa = PBXFileReference; lastKnownFileType = sourcecode.swift; path = UITableViewExtensions.swift; sourceTree = "<group>"; };
		199FCFD224CB96130022EBD3 /* PresentableAnswer.swift */ = {isa = PBXFileReference; lastKnownFileType = sourcecode.swift; path = PresentableAnswer.swift; sourceTree = "<group>"; };
		199FCFD424CB96740022EBD3 /* CorrectAnswerCell.swift */ = {isa = PBXFileReference; lastKnownFileType = sourcecode.swift; path = CorrectAnswerCell.swift; sourceTree = "<group>"; };
		199FCFD624CB969A0022EBD3 /* WrongAnswerCell.swift */ = {isa = PBXFileReference; lastKnownFileType = sourcecode.swift; path = WrongAnswerCell.swift; sourceTree = "<group>"; };
		19E99B8C24C81355005C7E7C /* QuizApp.app */ = {isa = PBXFileReference; explicitFileType = wrapper.application; includeInIndex = 0; path = QuizApp.app; sourceTree = BUILT_PRODUCTS_DIR; };
		19E99B8F24C81355005C7E7C /* AppDelegate.swift */ = {isa = PBXFileReference; lastKnownFileType = sourcecode.swift; path = AppDelegate.swift; sourceTree = "<group>"; };
		19E99B9124C81355005C7E7C /* SceneDelegate.swift */ = {isa = PBXFileReference; lastKnownFileType = sourcecode.swift; path = SceneDelegate.swift; sourceTree = "<group>"; };
		19E99B9824C81358005C7E7C /* Assets.xcassets */ = {isa = PBXFileReference; lastKnownFileType = folder.assetcatalog; path = Assets.xcassets; sourceTree = "<group>"; };
		19E99B9B24C81358005C7E7C /* Base */ = {isa = PBXFileReference; lastKnownFileType = file.storyboard; name = Base; path = Base.lproj/LaunchScreen.storyboard; sourceTree = "<group>"; };
		19E99B9D24C81358005C7E7C /* Info.plist */ = {isa = PBXFileReference; lastKnownFileType = text.plist.xml; path = Info.plist; sourceTree = "<group>"; };
		19E99BA224C81358005C7E7C /* QuizAppTests.xctest */ = {isa = PBXFileReference; explicitFileType = wrapper.cfbundle; includeInIndex = 0; path = QuizAppTests.xctest; sourceTree = BUILT_PRODUCTS_DIR; };
		19E99BA824C81358005C7E7C /* Info.plist */ = {isa = PBXFileReference; lastKnownFileType = text.plist.xml; path = Info.plist; sourceTree = "<group>"; };
		19E99BB124C813EE005C7E7C /* QuestionViewControllerTest.swift */ = {isa = PBXFileReference; lastKnownFileType = sourcecode.swift; path = QuestionViewControllerTest.swift; sourceTree = "<group>"; };
		19E99BB324C8153C005C7E7C /* QuestionViewController.swift */ = {isa = PBXFileReference; lastKnownFileType = sourcecode.swift; path = QuestionViewController.swift; sourceTree = "<group>"; };
		19E99BB524C81A38005C7E7C /* QuestionViewController.xib */ = {isa = PBXFileReference; lastKnownFileType = file.xib; path = QuestionViewController.xib; sourceTree = "<group>"; };
		19E99BB724CA3B15005C7E7C /* ResultsViewControllerTest.swift */ = {isa = PBXFileReference; lastKnownFileType = sourcecode.swift; path = ResultsViewControllerTest.swift; sourceTree = "<group>"; };
		19E99BB924CA3C5B005C7E7C /* ResultsViewController.swift */ = {isa = PBXFileReference; lastKnownFileType = sourcecode.swift; path = ResultsViewController.swift; sourceTree = "<group>"; };
		19E99BBB24CA3D6A005C7E7C /* ResultsViewController.xib */ = {isa = PBXFileReference; lastKnownFileType = file.xib; path = ResultsViewController.xib; sourceTree = "<group>"; };
/* End PBXFileReference section */

/* Begin PBXFrameworksBuildPhase section */
		19E99B8924C81355005C7E7C /* Frameworks */ = {
			isa = PBXFrameworksBuildPhase;
			buildActionMask = 2147483647;
			files = (
				196FD0C624D1666F0000E4F9 /* QuizEngine.framework in Frameworks */,
			);
			runOnlyForDeploymentPostprocessing = 0;
		};
		19E99B9F24C81358005C7E7C /* Frameworks */ = {
			isa = PBXFrameworksBuildPhase;
			buildActionMask = 2147483647;
			files = (
			);
			runOnlyForDeploymentPostprocessing = 0;
		};
/* End PBXFrameworksBuildPhase section */

/* Begin PBXGroup section */
		196FD0C424D1666F0000E4F9 /* Frameworks */ = {
			isa = PBXGroup;
			children = (
				196FD0C524D1666F0000E4F9 /* QuizEngine.framework */,
			);
			name = Frameworks;
			sourceTree = "<group>";
		};
		19E99B8324C81355005C7E7C = {
			isa = PBXGroup;
			children = (
				19E99B8E24C81355005C7E7C /* QuizApp */,
				19E99BA524C81358005C7E7C /* QuizAppTests */,
				19E99B8D24C81355005C7E7C /* Products */,
				196FD0C424D1666F0000E4F9 /* Frameworks */,
			);
			sourceTree = "<group>";
		};
		19E99B8D24C81355005C7E7C /* Products */ = {
			isa = PBXGroup;
			children = (
				19E99B8C24C81355005C7E7C /* QuizApp.app */,
				19E99BA224C81358005C7E7C /* QuizAppTests.xctest */,
			);
			name = Products;
			sourceTree = "<group>";
		};
		19E99B8E24C81355005C7E7C /* QuizApp */ = {
			isa = PBXGroup;
			children = (
				19E99B8F24C81355005C7E7C /* AppDelegate.swift */,
				19E99B9124C81355005C7E7C /* SceneDelegate.swift */,
				199FCFD024CB95340022EBD3 /* UITableViewExtensions.swift */,
				19E99BB324C8153C005C7E7C /* QuestionViewController.swift */,
				19E99BB524C81A38005C7E7C /* QuestionViewController.xib */,
				19E99BB924CA3C5B005C7E7C /* ResultsViewController.swift */,
				19E99BBB24CA3D6A005C7E7C /* ResultsViewController.xib */,
				199FCFD224CB96130022EBD3 /* PresentableAnswer.swift */,
				199FCFD424CB96740022EBD3 /* CorrectAnswerCell.swift */,
				199FCFCC24CAB5900022EBD3 /* CorrectAnswerCell.xib */,
				199FCFD624CB969A0022EBD3 /* WrongAnswerCell.swift */,
				199FCFCE24CAC15B0022EBD3 /* WrongAnswerCell.xib */,
				196FD0CB24D2272E0000E4F9 /* NavigationControllerRouter.swift */,
				1924144F24D28F21003702B1 /* Question.swift */,
				1924145124D350A9003702B1 /* ViewControllerFactory.swift */,
				1924145524D35350003702B1 /* iOSViewControllerFactory.swift */,
				19E99B9824C81358005C7E7C /* Assets.xcassets */,
				19E99B9A24C81358005C7E7C /* LaunchScreen.storyboard */,
				19E99B9D24C81358005C7E7C /* Info.plist */,
			);
			path = QuizApp;
			sourceTree = "<group>";
		};
		19E99BA524C81358005C7E7C /* QuizAppTests */ = {
			isa = PBXGroup;
			children = (
				19E99BB124C813EE005C7E7C /* QuestionViewControllerTest.swift */,
				19E99BB724CA3B15005C7E7C /* ResultsViewControllerTest.swift */,
				196FD0C924D168A50000E4F9 /* NavigationControllerRouterTest.swift */,
				191585CE24D28059006DF162 /* QuestionTest.swift */,
				199FCFCA24CA52AE0022EBD3 /* TableViewHelpers.swift */,
				1924145324D351B2003702B1 /* iOSViewControllerFactoryTest.swift */,
				19E99BA824C81358005C7E7C /* Info.plist */,
			);
			path = QuizAppTests;
			sourceTree = "<group>";
		};
/* End PBXGroup section */

/* Begin PBXNativeTarget section */
		19E99B8B24C81355005C7E7C /* QuizApp */ = {
			isa = PBXNativeTarget;
			buildConfigurationList = 19E99BAB24C81358005C7E7C /* Build configuration list for PBXNativeTarget "QuizApp" */;
			buildPhases = (
				19E99B8824C81355005C7E7C /* Sources */,
				19E99B8924C81355005C7E7C /* Frameworks */,
				19E99B8A24C81355005C7E7C /* Resources */,
				196FD0C824D1666F0000E4F9 /* Embed Frameworks */,
			);
			buildRules = (
			);
			dependencies = (
			);
			name = QuizApp;
			productName = QuizApp;
			productReference = 19E99B8C24C81355005C7E7C /* QuizApp.app */;
			productType = "com.apple.product-type.application";
		};
		19E99BA124C81358005C7E7C /* QuizAppTests */ = {
			isa = PBXNativeTarget;
			buildConfigurationList = 19E99BAE24C81358005C7E7C /* Build configuration list for PBXNativeTarget "QuizAppTests" */;
			buildPhases = (
				19E99B9E24C81358005C7E7C /* Sources */,
				19E99B9F24C81358005C7E7C /* Frameworks */,
				19E99BA024C81358005C7E7C /* Resources */,
			);
			buildRules = (
			);
			dependencies = (
				19E99BA424C81358005C7E7C /* PBXTargetDependency */,
			);
			name = QuizAppTests;
			productName = QuizAppTests;
			productReference = 19E99BA224C81358005C7E7C /* QuizAppTests.xctest */;
			productType = "com.apple.product-type.bundle.unit-test";
		};
/* End PBXNativeTarget section */

/* Begin PBXProject section */
		19E99B8424C81355005C7E7C /* Project object */ = {
			isa = PBXProject;
			attributes = {
				LastSwiftUpdateCheck = 1150;
				LastUpgradeCheck = 1150;
				ORGANIZATIONNAME = "Practice Swift";
				TargetAttributes = {
					19E99B8B24C81355005C7E7C = {
						CreatedOnToolsVersion = 11.5;
					};
					19E99BA124C81358005C7E7C = {
						CreatedOnToolsVersion = 11.5;
						LastSwiftMigration = 1150;
						TestTargetID = 19E99B8B24C81355005C7E7C;
					};
				};
			};
			buildConfigurationList = 19E99B8724C81355005C7E7C /* Build configuration list for PBXProject "QuizApp" */;
			compatibilityVersion = "Xcode 9.3";
			developmentRegion = en;
			hasScannedForEncodings = 0;
			knownRegions = (
				en,
				Base,
			);
			mainGroup = 19E99B8324C81355005C7E7C;
			productRefGroup = 19E99B8D24C81355005C7E7C /* Products */;
			projectDirPath = "";
			projectRoot = "";
			targets = (
				19E99B8B24C81355005C7E7C /* QuizApp */,
				19E99BA124C81358005C7E7C /* QuizAppTests */,
			);
		};
/* End PBXProject section */

/* Begin PBXResourcesBuildPhase section */
		19E99B8A24C81355005C7E7C /* Resources */ = {
			isa = PBXResourcesBuildPhase;
			buildActionMask = 2147483647;
			files = (
				19E99B9C24C81358005C7E7C /* LaunchScreen.storyboard in Resources */,
				199FCFCF24CAC15B0022EBD3 /* WrongAnswerCell.xib in Resources */,
				19E99B9924C81358005C7E7C /* Assets.xcassets in Resources */,
				19E99BB624C81A38005C7E7C /* QuestionViewController.xib in Resources */,
				199FCFCD24CAB5900022EBD3 /* CorrectAnswerCell.xib in Resources */,
				19E99BBC24CA3D6A005C7E7C /* ResultsViewController.xib in Resources */,
			);
			runOnlyForDeploymentPostprocessing = 0;
		};
		19E99BA024C81358005C7E7C /* Resources */ = {
			isa = PBXResourcesBuildPhase;
			buildActionMask = 2147483647;
			files = (
			);
			runOnlyForDeploymentPostprocessing = 0;
		};
/* End PBXResourcesBuildPhase section */

/* Begin PBXSourcesBuildPhase section */
		19E99B8824C81355005C7E7C /* Sources */ = {
			isa = PBXSourcesBuildPhase;
			buildActionMask = 2147483647;
			files = (
				19E99B9024C81355005C7E7C /* AppDelegate.swift in Sources */,
				199FCFD124CB95340022EBD3 /* UITableViewExtensions.swift in Sources */,
				199FCFD524CB96740022EBD3 /* CorrectAnswerCell.swift in Sources */,
				19E99B9224C81355005C7E7C /* SceneDelegate.swift in Sources */,
				199FCFD324CB96130022EBD3 /* PresentableAnswer.swift in Sources */,
				1924145024D28F21003702B1 /* Question.swift in Sources */,
				199FCFD724CB969A0022EBD3 /* WrongAnswerCell.swift in Sources */,
				1924145624D35350003702B1 /* iOSViewControllerFactory.swift in Sources */,
				196FD0CC24D2272E0000E4F9 /* NavigationControllerRouter.swift in Sources */,
				19E99BB424C8153C005C7E7C /* QuestionViewController.swift in Sources */,
				19E99BBA24CA3C5B005C7E7C /* ResultsViewController.swift in Sources */,
				1924145224D350A9003702B1 /* ViewControllerFactory.swift in Sources */,
			);
			runOnlyForDeploymentPostprocessing = 0;
		};
		19E99B9E24C81358005C7E7C /* Sources */ = {
			isa = PBXSourcesBuildPhase;
			buildActionMask = 2147483647;
			files = (
				191585CF24D28059006DF162 /* QuestionTest.swift in Sources */,
				196FD0CA24D168A50000E4F9 /* NavigationControllerRouterTest.swift in Sources */,
				19E99BB224C813EE005C7E7C /* QuestionViewControllerTest.swift in Sources */,
				199FCFCB24CA52AE0022EBD3 /* TableViewHelpers.swift in Sources */,
				19E99BB824CA3B15005C7E7C /* ResultsViewControllerTest.swift in Sources */,
				1924145424D351B2003702B1 /* iOSViewControllerFactoryTest.swift in Sources */,
			);
			runOnlyForDeploymentPostprocessing = 0;
		};
/* End PBXSourcesBuildPhase section */

/* Begin PBXTargetDependency section */
		19E99BA424C81358005C7E7C /* PBXTargetDependency */ = {
			isa = PBXTargetDependency;
			target = 19E99B8B24C81355005C7E7C /* QuizApp */;
			targetProxy = 19E99BA324C81358005C7E7C /* PBXContainerItemProxy */;
		};
/* End PBXTargetDependency section */

/* Begin PBXVariantGroup section */
		19E99B9A24C81358005C7E7C /* LaunchScreen.storyboard */ = {
			isa = PBXVariantGroup;
			children = (
				19E99B9B24C81358005C7E7C /* Base */,
			);
			name = LaunchScreen.storyboard;
			sourceTree = "<group>";
		};
/* End PBXVariantGroup section */

/* Begin XCBuildConfiguration section */
		19E99BA924C81358005C7E7C /* Debug */ = {
			isa = XCBuildConfiguration;
			buildSettings = {
				ALWAYS_SEARCH_USER_PATHS = NO;
				CLANG_ANALYZER_NONNULL = YES;
				CLANG_ANALYZER_NUMBER_OBJECT_CONVERSION = YES_AGGRESSIVE;
				CLANG_CXX_LANGUAGE_STANDARD = "gnu++14";
				CLANG_CXX_LIBRARY = "libc++";
				CLANG_ENABLE_MODULES = YES;
				CLANG_ENABLE_OBJC_ARC = YES;
				CLANG_ENABLE_OBJC_WEAK = YES;
				CLANG_WARN_BLOCK_CAPTURE_AUTORELEASING = YES;
				CLANG_WARN_BOOL_CONVERSION = YES;
				CLANG_WARN_COMMA = YES;
				CLANG_WARN_CONSTANT_CONVERSION = YES;
				CLANG_WARN_DEPRECATED_OBJC_IMPLEMENTATIONS = YES;
				CLANG_WARN_DIRECT_OBJC_ISA_USAGE = YES_ERROR;
				CLANG_WARN_DOCUMENTATION_COMMENTS = YES;
				CLANG_WARN_EMPTY_BODY = YES;
				CLANG_WARN_ENUM_CONVERSION = YES;
				CLANG_WARN_INFINITE_RECURSION = YES;
				CLANG_WARN_INT_CONVERSION = YES;
				CLANG_WARN_NON_LITERAL_NULL_CONVERSION = YES;
				CLANG_WARN_OBJC_IMPLICIT_RETAIN_SELF = YES;
				CLANG_WARN_OBJC_LITERAL_CONVERSION = YES;
				CLANG_WARN_OBJC_ROOT_CLASS = YES_ERROR;
				CLANG_WARN_RANGE_LOOP_ANALYSIS = YES;
				CLANG_WARN_STRICT_PROTOTYPES = YES;
				CLANG_WARN_SUSPICIOUS_MOVE = YES;
				CLANG_WARN_UNGUARDED_AVAILABILITY = YES_AGGRESSIVE;
				CLANG_WARN_UNREACHABLE_CODE = YES;
				CLANG_WARN__DUPLICATE_METHOD_MATCH = YES;
				COPY_PHASE_STRIP = NO;
				DEBUG_INFORMATION_FORMAT = dwarf;
				ENABLE_STRICT_OBJC_MSGSEND = YES;
				ENABLE_TESTABILITY = YES;
				GCC_C_LANGUAGE_STANDARD = gnu11;
				GCC_DYNAMIC_NO_PIC = NO;
				GCC_NO_COMMON_BLOCKS = YES;
				GCC_OPTIMIZATION_LEVEL = 0;
				GCC_PREPROCESSOR_DEFINITIONS = (
					"DEBUG=1",
					"$(inherited)",
				);
				GCC_WARN_64_TO_32_BIT_CONVERSION = YES;
				GCC_WARN_ABOUT_RETURN_TYPE = YES_ERROR;
				GCC_WARN_UNDECLARED_SELECTOR = YES;
				GCC_WARN_UNINITIALIZED_AUTOS = YES_AGGRESSIVE;
				GCC_WARN_UNUSED_FUNCTION = YES;
				GCC_WARN_UNUSED_VARIABLE = YES;
				IPHONEOS_DEPLOYMENT_TARGET = 13.5;
				MTL_ENABLE_DEBUG_INFO = INCLUDE_SOURCE;
				MTL_FAST_MATH = YES;
				ONLY_ACTIVE_ARCH = YES;
				SDKROOT = iphoneos;
				SWIFT_ACTIVE_COMPILATION_CONDITIONS = DEBUG;
				SWIFT_OPTIMIZATION_LEVEL = "-Onone";
			};
			name = Debug;
		};
		19E99BAA24C81358005C7E7C /* Release */ = {
			isa = XCBuildConfiguration;
			buildSettings = {
				ALWAYS_SEARCH_USER_PATHS = NO;
				CLANG_ANALYZER_NONNULL = YES;
				CLANG_ANALYZER_NUMBER_OBJECT_CONVERSION = YES_AGGRESSIVE;
				CLANG_CXX_LANGUAGE_STANDARD = "gnu++14";
				CLANG_CXX_LIBRARY = "libc++";
				CLANG_ENABLE_MODULES = YES;
				CLANG_ENABLE_OBJC_ARC = YES;
				CLANG_ENABLE_OBJC_WEAK = YES;
				CLANG_WARN_BLOCK_CAPTURE_AUTORELEASING = YES;
				CLANG_WARN_BOOL_CONVERSION = YES;
				CLANG_WARN_COMMA = YES;
				CLANG_WARN_CONSTANT_CONVERSION = YES;
				CLANG_WARN_DEPRECATED_OBJC_IMPLEMENTATIONS = YES;
				CLANG_WARN_DIRECT_OBJC_ISA_USAGE = YES_ERROR;
				CLANG_WARN_DOCUMENTATION_COMMENTS = YES;
				CLANG_WARN_EMPTY_BODY = YES;
				CLANG_WARN_ENUM_CONVERSION = YES;
				CLANG_WARN_INFINITE_RECURSION = YES;
				CLANG_WARN_INT_CONVERSION = YES;
				CLANG_WARN_NON_LITERAL_NULL_CONVERSION = YES;
				CLANG_WARN_OBJC_IMPLICIT_RETAIN_SELF = YES;
				CLANG_WARN_OBJC_LITERAL_CONVERSION = YES;
				CLANG_WARN_OBJC_ROOT_CLASS = YES_ERROR;
				CLANG_WARN_RANGE_LOOP_ANALYSIS = YES;
				CLANG_WARN_STRICT_PROTOTYPES = YES;
				CLANG_WARN_SUSPICIOUS_MOVE = YES;
				CLANG_WARN_UNGUARDED_AVAILABILITY = YES_AGGRESSIVE;
				CLANG_WARN_UNREACHABLE_CODE = YES;
				CLANG_WARN__DUPLICATE_METHOD_MATCH = YES;
				COPY_PHASE_STRIP = NO;
				DEBUG_INFORMATION_FORMAT = "dwarf-with-dsym";
				ENABLE_NS_ASSERTIONS = NO;
				ENABLE_STRICT_OBJC_MSGSEND = YES;
				GCC_C_LANGUAGE_STANDARD = gnu11;
				GCC_NO_COMMON_BLOCKS = YES;
				GCC_WARN_64_TO_32_BIT_CONVERSION = YES;
				GCC_WARN_ABOUT_RETURN_TYPE = YES_ERROR;
				GCC_WARN_UNDECLARED_SELECTOR = YES;
				GCC_WARN_UNINITIALIZED_AUTOS = YES_AGGRESSIVE;
				GCC_WARN_UNUSED_FUNCTION = YES;
				GCC_WARN_UNUSED_VARIABLE = YES;
				IPHONEOS_DEPLOYMENT_TARGET = 13.5;
				MTL_ENABLE_DEBUG_INFO = NO;
				MTL_FAST_MATH = YES;
				SDKROOT = iphoneos;
				SWIFT_COMPILATION_MODE = wholemodule;
				SWIFT_OPTIMIZATION_LEVEL = "-O";
				VALIDATE_PRODUCT = YES;
			};
			name = Release;
		};
		19E99BAC24C81358005C7E7C /* Debug */ = {
			isa = XCBuildConfiguration;
			buildSettings = {
				ASSETCATALOG_COMPILER_APPICON_NAME = AppIcon;
				CODE_SIGN_STYLE = Automatic;
				DEVELOPMENT_TEAM = 3G6Z4J5T9C;
				INFOPLIST_FILE = QuizApp/Info.plist;
				LD_RUNPATH_SEARCH_PATHS = (
					"$(inherited)",
					"@executable_path/Frameworks",
				);
				PRODUCT_BUNDLE_IDENTIFIER = apps.swift.practice.QuizApp;
				PRODUCT_NAME = "$(TARGET_NAME)";
				SWIFT_VERSION = 4.0;
				TARGETED_DEVICE_FAMILY = "1,2";
			};
			name = Debug;
		};
		19E99BAD24C81358005C7E7C /* Release */ = {
			isa = XCBuildConfiguration;
			buildSettings = {
				ASSETCATALOG_COMPILER_APPICON_NAME = AppIcon;
				CODE_SIGN_STYLE = Automatic;
				DEVELOPMENT_TEAM = 3G6Z4J5T9C;
				INFOPLIST_FILE = QuizApp/Info.plist;
				LD_RUNPATH_SEARCH_PATHS = (
					"$(inherited)",
					"@executable_path/Frameworks",
				);
				PRODUCT_BUNDLE_IDENTIFIER = apps.swift.practice.QuizApp;
				PRODUCT_NAME = "$(TARGET_NAME)";
				SWIFT_VERSION = 4.0;
				TARGETED_DEVICE_FAMILY = "1,2";
			};
			name = Release;
		};
		19E99BAF24C81358005C7E7C /* Debug */ = {
			isa = XCBuildConfiguration;
			buildSettings = {
				ALWAYS_EMBED_SWIFT_STANDARD_LIBRARIES = YES;
				BUNDLE_LOADER = "$(TEST_HOST)";
				CLANG_ENABLE_MODULES = YES;
				CODE_SIGN_STYLE = Automatic;
				DEVELOPMENT_TEAM = 3G6Z4J5T9C;
				INFOPLIST_FILE = QuizAppTests/Info.plist;
				IPHONEOS_DEPLOYMENT_TARGET = 13.5;
				LD_RUNPATH_SEARCH_PATHS = (
					"$(inherited)",
					"@executable_path/Frameworks",
					"@loader_path/Frameworks",
				);
				PRODUCT_BUNDLE_IDENTIFIER = apps.swift.practice.QuizAppTests;
				PRODUCT_NAME = "$(TARGET_NAME)";
				SWIFT_OPTIMIZATION_LEVEL = "-Onone";
				SWIFT_VERSION = 4.0;
				TARGETED_DEVICE_FAMILY = "1,2";
				TEST_HOST = "$(BUILT_PRODUCTS_DIR)/QuizApp.app/QuizApp";
			};
			name = Debug;
		};
		19E99BB024C81358005C7E7C /* Release */ = {
			isa = XCBuildConfiguration;
			buildSettings = {
				ALWAYS_EMBED_SWIFT_STANDARD_LIBRARIES = YES;
				BUNDLE_LOADER = "$(TEST_HOST)";
				CLANG_ENABLE_MODULES = YES;
				CODE_SIGN_STYLE = Automatic;
				DEVELOPMENT_TEAM = 3G6Z4J5T9C;
				INFOPLIST_FILE = QuizAppTests/Info.plist;
				IPHONEOS_DEPLOYMENT_TARGET = 13.5;
				LD_RUNPATH_SEARCH_PATHS = (
					"$(inherited)",
					"@executable_path/Frameworks",
					"@loader_path/Frameworks",
				);
				PRODUCT_BUNDLE_IDENTIFIER = apps.swift.practice.QuizAppTests;
				PRODUCT_NAME = "$(TARGET_NAME)";
				SWIFT_VERSION = 4.0;
				TARGETED_DEVICE_FAMILY = "1,2";
				TEST_HOST = "$(BUILT_PRODUCTS_DIR)/QuizApp.app/QuizApp";
			};
			name = Release;
		};
/* End XCBuildConfiguration section */

/* Begin XCConfigurationList section */
		19E99B8724C81355005C7E7C /* Build configuration list for PBXProject "QuizApp" */ = {
			isa = XCConfigurationList;
			buildConfigurations = (
				19E99BA924C81358005C7E7C /* Debug */,
				19E99BAA24C81358005C7E7C /* Release */,
			);
			defaultConfigurationIsVisible = 0;
			defaultConfigurationName = Release;
		};
		19E99BAB24C81358005C7E7C /* Build configuration list for PBXNativeTarget "QuizApp" */ = {
			isa = XCConfigurationList;
			buildConfigurations = (
				19E99BAC24C81358005C7E7C /* Debug */,
				19E99BAD24C81358005C7E7C /* Release */,
			);
			defaultConfigurationIsVisible = 0;
			defaultConfigurationName = Release;
		};
		19E99BAE24C81358005C7E7C /* Build configuration list for PBXNativeTarget "QuizAppTests" */ = {
			isa = XCConfigurationList;
			buildConfigurations = (
				19E99BAF24C81358005C7E7C /* Debug */,
				19E99BB024C81358005C7E7C /* Release */,
			);
			defaultConfigurationIsVisible = 0;
			defaultConfigurationName = Release;
		};
/* End XCConfigurationList section */
	};
	rootObject = 19E99B8424C81355005C7E7C /* Project object */;
}
